
Microsoft Visual Studio Solution File, Format Version 12.00
# Visual Studio Version 16
VisualStudioVersion = 16.0.30517.126
MinimumVisualStudioVersion = 10.0.40219.1
Project("{FAE04EC0-301F-11D3-BF4B-00C04F79EFBC}") = "ChuckConsole", "ChuckConsole\ChuckConsole.csproj", "{26D3B8DA-63BE-4234-833E-1D63A8BBF111}"
EndProject
Project("{FAE04EC0-301F-11D3-BF4B-00C04F79EFBC}") = "ChuckFrom", "ChuckFrom\ChuckFrom.csproj", "{78651632-3827-441C-BA66-8099DA6F9DD9}"
EndProject
Global
	GlobalSection(SolutionConfigurationPlatforms) = preSolution
		Debug|Any CPU = Debug|Any CPU
		Release|Any CPU = Release|Any CPU
	EndGlobalSection
	GlobalSection(ProjectConfigurationPlatforms) = postSolution
		{26D3B8DA-63BE-4234-833E-1D63A8BBF111}.Debug|Any CPU.ActiveCfg = Debug|Any CPU
		{26D3B8DA-63BE-4234-833E-1D63A8BBF111}.Debug|Any CPU.Build.0 = Debug|Any CPU
		{26D3B8DA-63BE-4234-833E-1D63A8BBF111}.Release|Any CPU.ActiveCfg = Release|Any CPU
		{26D3B8DA-63BE-4234-833E-1D63A8BBF111}.Release|Any CPU.Build.0 = Release|Any CPU
		{78651632-3827-441C-BA66-8099DA6F9DD9}.Debug|Any CPU.ActiveCfg = Debug|Any CPU
		{78651632-3827-441C-BA66-8099DA6F9DD9}.Debug|Any CPU.Build.0 = Debug|Any CPU
		{78651632-3827-441C-BA66-8099DA6F9DD9}.Release|Any CPU.ActiveCfg = Release|Any CPU
		{78651632-3827-441C-BA66-8099DA6F9DD9}.Release|Any CPU.Build.0 = Release|Any CPU
	EndGlobalSection
	GlobalSection(SolutionProperties) = preSolution
		HideSolutionNode = FALSE
	EndGlobalSection
	GlobalSection(ExtensibilityGlobals) = postSolution
		SolutionGuid = {B0FF5F9D-F811-4CA8-A84A-BE01DBEBBD4F}
	EndGlobalSection
EndGlobal
